
Microsoft Visual Studio Solution File, Format Version 12.00
# Visual Studio Version 16
VisualStudioVersion = 16.0.31205.134
MinimumVisualStudioVersion = 10.0.40219.1
Project("{9A19103F-16F7-4668-BE54-9A1E7A4F7556}") = "Cinema.Movies", "Cinema.Categories\Cinema.Movies.csproj", "{C6708EE2-48C6-4356-887D-55DF7E7C99ED}"
EndProject
Project("{9A19103F-16F7-4668-BE54-9A1E7A4F7556}") = "Cinema.Cafetery", "Cinema.Cafetery\Cinema.Cafetery.csproj", "{92EDE193-9D34-4754-90EA-D1FFC92F484A}"
EndProject
Project("{9A19103F-16F7-4668-BE54-9A1E7A4F7556}") = "Cinema.Payments", "Cinema.Payments\Cinema.Payments.csproj", "{89487E80-8134-4B1A-AD34-77CA50990CF9}"
EndProject
Project("{9A19103F-16F7-4668-BE54-9A1E7A4F7556}") = "Cinema.GateWay", "Cinema.GateWay\Cinema.GateWay.csproj", "{F321E7A2-18A9-4033-883C-DD0021CE6139}"
EndProject
Global
	GlobalSection(SolutionConfigurationPlatforms) = preSolution
		Debug|Any CPU = Debug|Any CPU
		Release|Any CPU = Release|Any CPU
	EndGlobalSection
	GlobalSection(ProjectConfigurationPlatforms) = postSolution
		{C6708EE2-48C6-4356-887D-55DF7E7C99ED}.Debug|Any CPU.ActiveCfg = Debug|Any CPU
		{C6708EE2-48C6-4356-887D-55DF7E7C99ED}.Debug|Any CPU.Build.0 = Debug|Any CPU
		{C6708EE2-48C6-4356-887D-55DF7E7C99ED}.Release|Any CPU.ActiveCfg = Release|Any CPU
		{C6708EE2-48C6-4356-887D-55DF7E7C99ED}.Release|Any CPU.Build.0 = Release|Any CPU
		{92EDE193-9D34-4754-90EA-D1FFC92F484A}.Debug|Any CPU.ActiveCfg = Debug|Any CPU
		{92EDE193-9D34-4754-90EA-D1FFC92F484A}.Debug|Any CPU.Build.0 = Debug|Any CPU
		{92EDE193-9D34-4754-90EA-D1FFC92F484A}.Release|Any CPU.ActiveCfg = Release|Any CPU
		{92EDE193-9D34-4754-90EA-D1FFC92F484A}.Release|Any CPU.Build.0 = Release|Any CPU
		{89487E80-8134-4B1A-AD34-77CA50990CF9}.Debug|Any CPU.ActiveCfg = Debug|Any CPU
		{89487E80-8134-4B1A-AD34-77CA50990CF9}.Debug|Any CPU.Build.0 = Debug|Any CPU
		{89487E80-8134-4B1A-AD34-77CA50990CF9}.Release|Any CPU.ActiveCfg = Release|Any CPU
		{89487E80-8134-4B1A-AD34-77CA50990CF9}.Release|Any CPU.Build.0 = Release|Any CPU
		{F321E7A2-18A9-4033-883C-DD0021CE6139}.Debug|Any CPU.ActiveCfg = Debug|Any CPU
		{F321E7A2-18A9-4033-883C-DD0021CE6139}.Debug|Any CPU.Build.0 = Debug|Any CPU
		{F321E7A2-18A9-4033-883C-DD0021CE6139}.Release|Any CPU.ActiveCfg = Release|Any CPU
		{F321E7A2-18A9-4033-883C-DD0021CE6139}.Release|Any CPU.Build.0 = Release|Any CPU
	EndGlobalSection
	GlobalSection(SolutionProperties) = preSolution
		HideSolutionNode = FALSE
	EndGlobalSection
	GlobalSection(ExtensibilityGlobals) = postSolution
		SolutionGuid = {FA61F2FE-393F-4195-B53B-2E5710168BCF}
	EndGlobalSection
EndGlobal
